
Microsoft Visual Studio Solution File, Format Version 12.00
# Visual Studio Version 17
VisualStudioVersion = 17.14.36203.30
MinimumVisualStudioVersion = 10.0.40219.1
Project("{2150E333-8FDC-42A3-9474-1A3956D46DE8}") = "API_Million.RealEstate", "API_Million.RealEstate", "{02EA681E-C7D8-13C7-8484-4AC65E1B71E8}"
EndProject
Project("{FAE04EC0-301F-11D3-BF4B-00C04F79EFBC}") = "Million.Api", "Million.Api\Million.Api.csproj", "{4607C490-1F4F-423A-907D-89E66E4BFD30}"
EndProject
Project("{FAE04EC0-301F-11D3-BF4B-00C04F79EFBC}") = "Million.Infrastructure", "Million.Infrastructure\Million.Infrastructure.csproj", "{56F18C16-2737-4B8A-9F14-C1D6BEC1205B}"
EndProject
Project("{FAE04EC0-301F-11D3-BF4B-00C04F79EFBC}") = "Million.Application", "Million.Application\Million.Application.csproj", "{7A76FC8E-B107-4963-93D4-CD046AEBD073}"
EndProject
Project("{FAE04EC0-301F-11D3-BF4B-00C04F79EFBC}") = "Million.Domain", "Million.Domain\Million.Domain.csproj", "{1BD4E47B-7854-4F3F-96A4-06CB4581FC90}"
EndProject
Project("{FAE04EC0-301F-11D3-BF4B-00C04F79EFBC}") = "Million.Tests", "Million.Tests\Million.Tests.csproj", "{097450FA-3B97-4030-AF86-161432B62532}"
EndProject
Global
	GlobalSection(SolutionConfigurationPlatforms) = preSolution
		Debug|Any CPU = Debug|Any CPU
		Release|Any CPU = Release|Any CPU
	EndGlobalSection
	GlobalSection(ProjectConfigurationPlatforms) = postSolution
		{4607C490-1F4F-423A-907D-89E66E4BFD30}.Debug|Any CPU.ActiveCfg = Debug|Any CPU
		{4607C490-1F4F-423A-907D-89E66E4BFD30}.Debug|Any CPU.Build.0 = Debug|Any CPU
		{4607C490-1F4F-423A-907D-89E66E4BFD30}.Release|Any CPU.ActiveCfg = Release|Any CPU
		{4607C490-1F4F-423A-907D-89E66E4BFD30}.Release|Any CPU.Build.0 = Release|Any CPU
		{56F18C16-2737-4B8A-9F14-C1D6BEC1205B}.Debug|Any CPU.ActiveCfg = Debug|Any CPU
		{56F18C16-2737-4B8A-9F14-C1D6BEC1205B}.Debug|Any CPU.Build.0 = Debug|Any CPU
		{56F18C16-2737-4B8A-9F14-C1D6BEC1205B}.Release|Any CPU.ActiveCfg = Release|Any CPU
		{56F18C16-2737-4B8A-9F14-C1D6BEC1205B}.Release|Any CPU.Build.0 = Release|Any CPU
		{7A76FC8E-B107-4963-93D4-CD046AEBD073}.Debug|Any CPU.ActiveCfg = Debug|Any CPU
		{7A76FC8E-B107-4963-93D4-CD046AEBD073}.Debug|Any CPU.Build.0 = Debug|Any CPU
		{7A76FC8E-B107-4963-93D4-CD046AEBD073}.Release|Any CPU.ActiveCfg = Release|Any CPU
		{7A76FC8E-B107-4963-93D4-CD046AEBD073}.Release|Any CPU.Build.0 = Release|Any CPU
		{1BD4E47B-7854-4F3F-96A4-06CB4581FC90}.Debug|Any CPU.ActiveCfg = Debug|Any CPU
		{1BD4E47B-7854-4F3F-96A4-06CB4581FC90}.Debug|Any CPU.Build.0 = Debug|Any CPU
		{1BD4E47B-7854-4F3F-96A4-06CB4581FC90}.Release|Any CPU.ActiveCfg = Release|Any CPU
		{1BD4E47B-7854-4F3F-96A4-06CB4581FC90}.Release|Any CPU.Build.0 = Release|Any CPU
		{097450FA-3B97-4030-AF86-161432B62532}.Debug|Any CPU.ActiveCfg = Debug|Any CPU
		{097450FA-3B97-4030-AF86-161432B62532}.Debug|Any CPU.Build.0 = Debug|Any CPU
		{097450FA-3B97-4030-AF86-161432B62532}.Release|Any CPU.ActiveCfg = Release|Any CPU
		{097450FA-3B97-4030-AF86-161432B62532}.Release|Any CPU.Build.0 = Release|Any CPU
	EndGlobalSection
	GlobalSection(SolutionProperties) = preSolution
		HideSolutionNode = FALSE
	EndGlobalSection
	GlobalSection(NestedProjects) = preSolution
		{4607C490-1F4F-423A-907D-89E66E4BFD30} = {02EA681E-C7D8-13C7-8484-4AC65E1B71E8}
		{56F18C16-2737-4B8A-9F14-C1D6BEC1205B} = {02EA681E-C7D8-13C7-8484-4AC65E1B71E8}
		{7A76FC8E-B107-4963-93D4-CD046AEBD073} = {02EA681E-C7D8-13C7-8484-4AC65E1B71E8}
		{1BD4E47B-7854-4F3F-96A4-06CB4581FC90} = {02EA681E-C7D8-13C7-8484-4AC65E1B71E8}
		{097450FA-3B97-4030-AF86-161432B62532} = {02EA681E-C7D8-13C7-8484-4AC65E1B71E8}
	EndGlobalSection
	GlobalSection(ExtensibilityGlobals) = postSolution
		SolutionGuid = {57069617-D292-4BFA-B050-5A786CA48C95}
	EndGlobalSection
EndGlobal
